// !$*UTF8*$!
{
	archiveVersion = 1;
	classes = {
	};
	objectVersion = 46;
	objects = {

/* Begin PBXBuildFile section */
		387CBCA81F5D2518003BAACF /* AppDelegate.swift in Sources */ = {isa = PBXBuildFile; fileRef = 387CBCA71F5D2518003BAACF /* AppDelegate.swift */; };
		387CBCAD1F5D2518003BAACF /* Main.storyboard in Resources */ = {isa = PBXBuildFile; fileRef = 387CBCAB1F5D2518003BAACF /* Main.storyboard */; };
		387CBCAF1F5D2518003BAACF /* Assets.xcassets in Resources */ = {isa = PBXBuildFile; fileRef = 387CBCAE1F5D2518003BAACF /* Assets.xcassets */; };
		387CBCB21F5D2518003BAACF /* LaunchScreen.storyboard in Resources */ = {isa = PBXBuildFile; fileRef = 387CBCB01F5D2518003BAACF /* LaunchScreen.storyboard */; };
		387CBCBA1F5D322C003BAACF /* MapViewController.swift in Sources */ = {isa = PBXBuildFile; fileRef = 387CBCB91F5D322C003BAACF /* MapViewController.swift */; };
		387CBCBC1F5D323E003BAACF /* Restaurant.swift in Sources */ = {isa = PBXBuildFile; fileRef = 387CBCBB1F5D323E003BAACF /* Restaurant.swift */; };
/* End PBXBuildFile section */

/* Begin PBXFileReference section */
		387CBCA41F5D2518003BAACF /* WhatDoYouWanTtoEat.app */ = {isa = PBXFileReference; explicitFileType = wrapper.application; includeInIndex = 0; path = WhatDoYouWanTtoEat.app; sourceTree = BUILT_PRODUCTS_DIR; };
		387CBCA71F5D2518003BAACF /* AppDelegate.swift */ = {isa = PBXFileReference; lastKnownFileType = sourcecode.swift; path = AppDelegate.swift; sourceTree = "<group>"; };
		387CBCAC1F5D2518003BAACF /* Base */ = {isa = PBXFileReference; lastKnownFileType = file.storyboard; name = Base; path = Base.lproj/Main.storyboard; sourceTree = "<group>"; };
		387CBCAE1F5D2518003BAACF /* Assets.xcassets */ = {isa = PBXFileReference; lastKnownFileType = folder.assetcatalog; path = Assets.xcassets; sourceTree = "<group>"; };
		387CBCB11F5D2518003BAACF /* Base */ = {isa = PBXFileReference; lastKnownFileType = file.storyboard; name = Base; path = Base.lproj/LaunchScreen.storyboard; sourceTree = "<group>"; };
		387CBCB31F5D2518003BAACF /* Info.plist */ = {isa = PBXFileReference; lastKnownFileType = text.plist.xml; path = Info.plist; sourceTree = "<group>"; };
		387CBCB91F5D322C003BAACF /* MapViewController.swift */ = {isa = PBXFileReference; fileEncoding = 4; lastKnownFileType = sourcecode.swift; path = MapViewController.swift; sourceTree = "<group>"; };
		387CBCBB1F5D323E003BAACF /* Restaurant.swift */ = {isa = PBXFileReference; fileEncoding = 4; lastKnownFileType = sourcecode.swift; path = Restaurant.swift; sourceTree = "<group>"; };
/* End PBXFileReference section */

/* Begin PBXFrameworksBuildPhase section */
		387CBCA11F5D2518003BAACF /* Frameworks */ = {
			isa = PBXFrameworksBuildPhase;
			buildActionMask = 2147483647;
			files = (
			);
			runOnlyForDeploymentPostprocessing = 0;
		};
/* End PBXFrameworksBuildPhase section */

/* Begin PBXGroup section */
		387CBC9B1F5D2518003BAACF = {
			isa = PBXGroup;
			children = (
				387CBCA61F5D2518003BAACF /* WhatDoYouWanTtoEat */,
				387CBCA51F5D2518003BAACF /* Products */,
			);
			sourceTree = "<group>";
		};
		387CBCA51F5D2518003BAACF /* Products */ = {
			isa = PBXGroup;
			children = (
				387CBCA41F5D2518003BAACF /* WhatDoYouWanTtoEat.app */,
			);
			name = Products;
			sourceTree = "<group>";
		};
		387CBCA61F5D2518003BAACF /* WhatDoYouWanTtoEat */ = {
			isa = PBXGroup;
			children = (
				387CBCA71F5D2518003BAACF /* AppDelegate.swift */,
				387CBCAB1F5D2518003BAACF /* Main.storyboard */,
				387CBCB91F5D322C003BAACF /* MapViewController.swift */,
				387CBCBB1F5D323E003BAACF /* Restaurant.swift */,
				387CBCAE1F5D2518003BAACF /* Assets.xcassets */,
				387CBCB01F5D2518003BAACF /* LaunchScreen.storyboard */,
				387CBCB31F5D2518003BAACF /* Info.plist */,
			);
			path = WhatDoYouWanTtoEat;
			sourceTree = "<group>";
		};
/* End PBXGroup section */

/* Begin PBXNativeTarget section */
		387CBCA31F5D2518003BAACF /* WhatDoYouWanTtoEat */ = {
			isa = PBXNativeTarget;
			buildConfigurationList = 387CBCB61F5D2518003BAACF /* Build configuration list for PBXNativeTarget "WhatDoYouWanTtoEat" */;
			buildPhases = (
				387CBCA01F5D2518003BAACF /* Sources */,
				387CBCA11F5D2518003BAACF /* Frameworks */,
				387CBCA21F5D2518003BAACF /* Resources */,
			);
			buildRules = (
			);
			dependencies = (
			);
			name = WhatDoYouWanTtoEat;
			productName = WhatDoYouWanTtoEat;
			productReference = 387CBCA41F5D2518003BAACF /* WhatDoYouWanTtoEat.app */;
			productType = "com.apple.product-type.application";
		};
/* End PBXNativeTarget section */

/* Begin PBXProject section */
		387CBC9C1F5D2518003BAACF /* Project object */ = {
			isa = PBXProject;
			attributes = {
				LastSwiftUpdateCheck = 0830;
				LastUpgradeCheck = 0830;
				ORGANIZATIONNAME = PeterChen;
				TargetAttributes = {
					387CBCA31F5D2518003BAACF = {
						CreatedOnToolsVersion = 8.3.3;
						DevelopmentTeam = L6VPYXD3CW;
						ProvisioningStyle = Automatic;
					};
				};
			};
			buildConfigurationList = 387CBC9F1F5D2518003BAACF /* Build configuration list for PBXProject "WhatDoYouWanTtoEat" */;
			compatibilityVersion = "Xcode 3.2";
			developmentRegion = English;
			hasScannedForEncodings = 0;
			knownRegions = (
				en,
				Base,
			);
			mainGroup = 387CBC9B1F5D2518003BAACF;
			productRefGroup = 387CBCA51F5D2518003BAACF /* Products */;
			projectDirPath = "";
			projectRoot = "";
			targets = (
				387CBCA31F5D2518003BAACF /* WhatDoYouWanTtoEat */,
			);
		};
/* End PBXProject section */

/* Begin PBXResourcesBuildPhase section */
		387CBCA21F5D2518003BAACF /* Resources */ = {
			isa = PBXResourcesBuildPhase;
			buildActionMask = 2147483647;
			files = (
				387CBCB21F5D2518003BAACF /* LaunchScreen.storyboard in Resources */,
				387CBCAF1F5D2518003BAACF /* Assets.xcassets in Resources */,
				387CBCAD1F5D2518003BAACF /* Main.storyboard in Resources */,
			);
			runOnlyForDeploymentPostprocessing = 0;
		};
/* End PBXResourcesBuildPhase section */

/* Begin PBXSourcesBuildPhase section */
		387CBCA01F5D2518003BAACF /* Sources */ = {
			isa = PBXSourcesBuildPhase;
			buildActionMask = 2147483647;
			files = (
				387CBCBC1F5D323E003BAACF /* Restaurant.swift in Sources */,
				387CBCBA1F5D322C003BAACF /* MapViewController.swift in Sources */,
				387CBCA81F5D2518003BAACF /* AppDelegate.swift in Sources */,
			);
			runOnlyForDeploymentPostprocessing = 0;
		};
/* End PBXSourcesBuildPhase section */

/* Begin PBXVariantGroup section */
		387CBCAB1F5D2518003BAACF /* Main.storyboard */ = {
			isa = PBXVariantGroup;
			children = (
				387CBCAC1F5D2518003BAACF /* Base */,
			);
			name = Main.storyboard;
			sourceTree = "<group>";
		};
		387CBCB01F5D2518003BAACF /* LaunchScreen.storyboard */ = {
			isa = PBXVariantGroup;
			children = (
				387CBCB11F5D2518003BAACF /* Base */,
			);
			name = LaunchScreen.storyboard;
			sourceTree = "<group>";
		};
/* End PBXVariantGroup section */

/* Begin XCBuildConfiguration section */
		387CBCB41F5D2518003BAACF /* Debug */ = {
			isa = XCBuildConfiguration;
			buildSettings = {
				ALWAYS_SEARCH_USER_PATHS = NO;
				CLANG_ANALYZER_NONNULL = YES;
				CLANG_ANALYZER_NUMBER_OBJECT_CONVERSION = YES_AGGRESSIVE;
				CLANG_CXX_LANGUAGE_STANDARD = "gnu++0x";
				CLANG_CXX_LIBRARY = "libc++";
				CLANG_ENABLE_MODULES = YES;
				CLANG_ENABLE_OBJC_ARC = YES;
				CLANG_WARN_BOOL_CONVERSION = YES;
				CLANG_WARN_CONSTANT_CONVERSION = YES;
				CLANG_WARN_DIRECT_OBJC_ISA_USAGE = YES_ERROR;
				CLANG_WARN_DOCUMENTATION_COMMENTS = YES;
				CLANG_WARN_EMPTY_BODY = YES;
				CLANG_WARN_ENUM_CONVERSION = YES;
				CLANG_WARN_INFINITE_RECURSION = YES;
				CLANG_WARN_INT_CONVERSION = YES;
				CLANG_WARN_OBJC_ROOT_CLASS = YES_ERROR;
				CLANG_WARN_SUSPICIOUS_MOVE = YES;
				CLANG_WARN_UNREACHABLE_CODE = YES;
				CLANG_WARN__DUPLICATE_METHOD_MATCH = YES;
				"CODE_SIGN_IDENTITY[sdk=iphoneos*]" = "iPhone Developer";
				COPY_PHASE_STRIP = NO;
				DEBUG_INFORMATION_FORMAT = dwarf;
				ENABLE_STRICT_OBJC_MSGSEND = YES;
				ENABLE_TESTABILITY = YES;
				GCC_C_LANGUAGE_STANDARD = gnu99;
				GCC_DYNAMIC_NO_PIC = NO;
				GCC_NO_COMMON_BLOCKS = YES;
				GCC_OPTIMIZATION_LEVEL = 0;
				GCC_PREPROCESSOR_DEFINITIONS = (
					"DEBUG=1",
					"$(inherited)",
				);
				GCC_WARN_64_TO_32_BIT_CONVERSION = YES;
				GCC_WARN_ABOUT_RETURN_TYPE = YES_ERROR;
				GCC_WARN_UNDECLARED_SELECTOR = YES;
				GCC_WARN_UNINITIALIZED_AUTOS = YES_AGGRESSIVE;
				GCC_WARN_UNUSED_FUNCTION = YES;
				GCC_WARN_UNUSED_VARIABLE = YES;
				IPHONEOS_DEPLOYMENT_TARGET = 10.3;
				MTL_ENABLE_DEBUG_INFO = YES;
				ONLY_ACTIVE_ARCH = YES;
				SDKROOT = iphoneos;
				SWIFT_ACTIVE_COMPILATION_CONDITIONS = DEBUG;
				SWIFT_OPTIMIZATION_LEVEL = "-Onone";
				TARGETED_DEVICE_FAMILY = "1,2";
			};
			name = Debug;
		};
		387CBCB51F5D2518003BAACF /* Release */ = {
			isa = XCBuildConfiguration;
			buildSettings = {
				ALWAYS_SEARCH_USER_PATHS = NO;
				CLANG_ANALYZER_NONNULL = YES;
				CLANG_ANALYZER_NUMBER_OBJECT_CONVERSION = YES_AGGRESSIVE;
				CLANG_CXX_LANGUAGE_STANDARD = "gnu++0x";
				CLANG_CXX_LIBRARY = "libc++";
				CLANG_ENABLE_MODULES = YES;
				CLANG_ENABLE_OBJC_ARC = YES;
				CLANG_WARN_BOOL_CONVERSION = YES;
				CLANG_WARN_CONSTANT_CONVERSION = YES;
				CLANG_WARN_DIRECT_OBJC_ISA_USAGE = YES_ERROR;
				CLANG_WARN_DOCUMENTATION_COMMENTS = YES;
				CLANG_WARN_EMPTY_BODY = YES;
				CLANG_WARN_ENUM_CONVERSION = YES;
				CLANG_WARN_INFINITE_RECURSION = YES;
				CLANG_WARN_INT_CONVERSION = YES;
				CLANG_WARN_OBJC_ROOT_CLASS = YES_ERROR;
				CLANG_WARN_SUSPICIOUS_MOVE = YES;
				CLANG_WARN_UNREACHABLE_CODE = YES;
				CLANG_WARN__DUPLICATE_METHOD_MATCH = YES;
				"CODE_SIGN_IDENTITY[sdk=iphoneos*]" = "iPhone Developer";
				COPY_PHASE_STRIP = NO;
				DEBUG_INFORMATION_FORMAT = "dwarf-with-dsym";
				ENABLE_NS_ASSERTIONS = NO;
				ENABLE_STRICT_OBJC_MSGSEND = YES;
				GCC_C_LANGUAGE_STANDARD = gnu99;
				GCC_NO_COMMON_BLOCKS = YES;
				GCC_WARN_64_TO_32_BIT_CONVERSION = YES;
				GCC_WARN_ABOUT_RETURN_TYPE = YES_ERROR;
				GCC_WARN_UNDECLARED_SELECTOR = YES;
				GCC_WARN_UNINITIALIZED_AUTOS = YES_AGGRESSIVE;
				GCC_WARN_UNUSED_FUNCTION = YES;
				GCC_WARN_UNUSED_VARIABLE = YES;
				IPHONEOS_DEPLOYMENT_TARGET = 10.3;
				MTL_ENABLE_DEBUG_INFO = NO;
				SDKROOT = iphoneos;
				SWIFT_OPTIMIZATION_LEVEL = "-Owholemodule";
				TARGETED_DEVICE_FAMILY = "1,2";
				VALIDATE_PRODUCT = YES;
			};
			name = Release;
		};
		387CBCB71F5D2518003BAACF /* Debug */ = {
			isa = XCBuildConfiguration;
			buildSettings = {
				ASSETCATALOG_COMPILER_APPICON_NAME = AppIcon;
				DEVELOPMENT_TEAM = L6VPYXD3CW;
				INFOPLIST_FILE = WhatDoYouWanTtoEat/Info.plist;
				LD_RUNPATH_SEARCH_PATHS = "$(inherited) @executable_path/Frameworks";
				PRODUCT_BUNDLE_IDENTIFIER = Peter.WhatDoYouWanTtoEat;
				PRODUCT_NAME = "$(TARGET_NAME)";
				SWIFT_VERSION = 3.0;
			};
			name = Debug;
		};
		387CBCB81F5D2518003BAACF /* Release */ = {
			isa = XCBuildConfiguration;
			buildSettings = {
				ASSETCATALOG_COMPILER_APPICON_NAME = AppIcon;
				DEVELOPMENT_TEAM = L6VPYXD3CW;
				INFOPLIST_FILE = WhatDoYouWanTtoEat/Info.plist;
				LD_RUNPATH_SEARCH_PATHS = "$(inherited) @executable_path/Frameworks";
				PRODUCT_BUNDLE_IDENTIFIER = Peter.WhatDoYouWanTtoEat;
				PRODUCT_NAME = "$(TARGET_NAME)";
				SWIFT_VERSION = 3.0;
			};
			name = Release;
		};
/* End XCBuildConfiguration section */

/* Begin XCConfigurationList section */
		387CBC9F1F5D2518003BAACF /* Build configuration list for PBXProject "WhatDoYouWanTtoEat" */ = {
			isa = XCConfigurationList;
			buildConfigurations = (
				387CBCB41F5D2518003BAACF /* Debug */,
				387CBCB51F5D2518003BAACF /* Release */,
			);
			defaultConfigurationIsVisible = 0;
			defaultConfigurationName = Release;
		};
		387CBCB61F5D2518003BAACF /* Build configuration list for PBXNativeTarget "WhatDoYouWanTtoEat" */ = {
			isa = XCConfigurationList;
			buildConfigurations = (
				387CBCB71F5D2518003BAACF /* Debug */,
				387CBCB81F5D2518003BAACF /* Release */,
			);
			defaultConfigurationIsVisible = 0;
			defaultConfigurationName = Release;
		};
/* End XCConfigurationList section */
	};
	rootObject = 387CBC9C1F5D2518003BAACF /* Project object */;
}
